
Microsoft Visual Studio Solution File, Format Version 12.00
# Visual Studio Version 17
VisualStudioVersion = 17.4.33213.308
MinimumVisualStudioVersion = 10.0.40219.1
Project("{FAE04EC0-301F-11D3-BF4B-00C04F79EFBC}") = "Apex API", "Apex API\Apex API.csproj", "{60D67DA0-9D1A-46E2-939E-79B3CE1EFB55}"
EndProject
Global
	GlobalSection(SolutionConfigurationPlatforms) = preSolution
		Debug|Any CPU = Debug|Any CPU
		Release|Any CPU = Release|Any CPU
	EndGlobalSection
	GlobalSection(ProjectConfigurationPlatforms) = postSolution
		{60D67DA0-9D1A-46E2-939E-79B3CE1EFB55}.Debug|Any CPU.ActiveCfg = Debug|Any CPU
		{60D67DA0-9D1A-46E2-939E-79B3CE1EFB55}.Debug|Any CPU.Build.0 = Debug|Any CPU
		{60D67DA0-9D1A-46E2-939E-79B3CE1EFB55}.Release|Any CPU.ActiveCfg = Release|Any CPU
		{60D67DA0-9D1A-46E2-939E-79B3CE1EFB55}.Release|Any CPU.Build.0 = Release|Any CPU
	EndGlobalSection
	GlobalSection(SolutionProperties) = preSolution
		HideSolutionNode = FALSE
	EndGlobalSection
	GlobalSection(ExtensibilityGlobals) = postSolution
		SolutionGuid = {B0C44EBB-3177-49AB-97EF-97FE30627E55}
	EndGlobalSection
EndGlobal
